
Microsoft Visual Studio Solution File, Format Version 12.00
# Visual Studio Version 16
VisualStudioVersion = 16.0.30225.117
MinimumVisualStudioVersion = 10.0.40219.1
Project("{FAE04EC0-301F-11D3-BF4B-00C04F79EFBC}") = "C_sharp_DZ_6_1", "C_sharp_DZ_6_1\C_sharp_DZ_6_1.csproj", "{A5D64A51-7E2A-416A-AE24-F24BFA82461D}"
EndProject
Project("{FAE04EC0-301F-11D3-BF4B-00C04F79EFBC}") = "C_sharp_DZ_6_2", "C_sharp_DZ_6_2\C_sharp_DZ_6_2.csproj", "{C7550820-2AA2-478B-8B7C-36B69EEE18E2}"
EndProject
Project("{FAE04EC0-301F-11D3-BF4B-00C04F79EFBC}") = "C_sharp_DZ_6_test", "C_sharp_DZ_6_test\C_sharp_DZ_6_test.csproj", "{55B53C4D-5370-4C6E-820E-8ADBD094D515}"
EndProject
Global
	GlobalSection(SolutionConfigurationPlatforms) = preSolution
		Debug|Any CPU = Debug|Any CPU
		Release|Any CPU = Release|Any CPU
	EndGlobalSection
	GlobalSection(ProjectConfigurationPlatforms) = postSolution
		{A5D64A51-7E2A-416A-AE24-F24BFA82461D}.Debug|Any CPU.ActiveCfg = Debug|Any CPU
		{A5D64A51-7E2A-416A-AE24-F24BFA82461D}.Debug|Any CPU.Build.0 = Debug|Any CPU
		{A5D64A51-7E2A-416A-AE24-F24BFA82461D}.Release|Any CPU.ActiveCfg = Release|Any CPU
		{A5D64A51-7E2A-416A-AE24-F24BFA82461D}.Release|Any CPU.Build.0 = Release|Any CPU
		{C7550820-2AA2-478B-8B7C-36B69EEE18E2}.Debug|Any CPU.ActiveCfg = Debug|Any CPU
		{C7550820-2AA2-478B-8B7C-36B69EEE18E2}.Debug|Any CPU.Build.0 = Debug|Any CPU
		{C7550820-2AA2-478B-8B7C-36B69EEE18E2}.Release|Any CPU.ActiveCfg = Release|Any CPU
		{C7550820-2AA2-478B-8B7C-36B69EEE18E2}.Release|Any CPU.Build.0 = Release|Any CPU
		{55B53C4D-5370-4C6E-820E-8ADBD094D515}.Debug|Any CPU.ActiveCfg = Debug|Any CPU
		{55B53C4D-5370-4C6E-820E-8ADBD094D515}.Debug|Any CPU.Build.0 = Debug|Any CPU
		{55B53C4D-5370-4C6E-820E-8ADBD094D515}.Release|Any CPU.ActiveCfg = Release|Any CPU
		{55B53C4D-5370-4C6E-820E-8ADBD094D515}.Release|Any CPU.Build.0 = Release|Any CPU
	EndGlobalSection
	GlobalSection(SolutionProperties) = preSolution
		HideSolutionNode = FALSE
	EndGlobalSection
	GlobalSection(ExtensibilityGlobals) = postSolution
		SolutionGuid = {CDBB50F4-B75C-4165-97E4-24594CFBB194}
	EndGlobalSection
EndGlobal
